<?xml version="1.0" encoding="utf-8"?>
<Project ToolsVersion="4.0" xmlns="http://schemas.microsoft.com/developer/msbuild/2003">
  <ItemGroup>
    <ClCompile Include="Cone.cpp" />
    <ClCompile Include="gl_05.cpp" />
    <ClCompile Include="Leaf.cpp" />
  </ItemGroup>
  <ItemGroup>
    <ClInclude Include="Camera.h" />
    <ClInclude Include="Compound.h" />
    <ClInclude Include="Cone.h" />
    <ClInclude Include="Constants.h" />
    <ClInclude Include="Crane.h" />
    <ClInclude Include="CraneBottom.h" />
    <ClInclude Include="CraneBase.h" />
    <ClInclude Include="CraneTop.h" />
    <ClInclude Include="Cube.h" />
    <ClInclude Include="Leaf.h" />
    <ClInclude Include="Object.h" />
    <ClInclude Include="Primitive.h" />
    <ClInclude Include="shprogram.h" />
    <ClInclude Include="Skybox.h" />
    <ClInclude Include="TextureHandler.h" />
    <ClInclude Include="Branch.h" />
    <ClInclude Include="Tree.h" />
    <ClInclude Include="Forest.h" />
    <ClInclude Include="TextureProvider.h" />
    <ClInclude Include="Texture.h" />
    <ClInclude Include="Shadows.h" />
  </ItemGroup>
  <ItemGroup>
    <Image Include="back.jpg" />
    <Image Include="bottom1.jpg" />
    <Image Include="front.jpg" />
    <Image Include="beton.jpg" />
    <Image Include="betonowy.jpg" />
    <Image Include="gravel.jpg" />
    <Image Include="left.jpg" />
    <Image Include="right.jpg" />
    <Image Include="top.jpg" />
    <Image Include="gravel3.jpg" />
    <Image Include="grass_tex.jpg" />
  </ItemGroup>
  <ItemGroup>
    <None Include="color.frag" />
    <None Include="color.vert" />
    <None Include="lamp.frag" />
    <None Include="lamp.vect" />
    <None Include="lights.frag" />
    <None Include="lights.vect" />
    <None Include="skybox.frag" />
    <None Include="skybox.vert" />
    <None Include="texture.frag" />
    <None Include="texture.vert" />
    <None Include="shadow.vert" />
    <None Include="shadow.frag" />
    <None Include="debug.vert" />
    <None Include="debug.frag" />
  </ItemGroup>
</Project>